// !$*UTF8*$!
{
	archiveVersion = 1;
	classes = {
	};
	objectVersion = 56;
	objects = {

/* Begin PBXBuildFile section */
		B81C83242A0F8339000149D9 /* AppDelegate.swift in Sources */ = {isa = PBXBuildFile; fileRef = B81C83232A0F8339000149D9 /* AppDelegate.swift */; };
		B81C83262A0F8339000149D9 /* SceneDelegate.swift in Sources */ = {isa = PBXBuildFile; fileRef = B81C83252A0F8339000149D9 /* SceneDelegate.swift */; };
		B81C83282A0F8339000149D9 /* HomeViewController.swift in Sources */ = {isa = PBXBuildFile; fileRef = B81C83272A0F8339000149D9 /* HomeViewController.swift */; };
		B81C832D2A0F833B000149D9 /* Assets.xcassets in Resources */ = {isa = PBXBuildFile; fileRef = B81C832C2A0F833B000149D9 /* Assets.xcassets */; };
		B81C83302A0F833B000149D9 /* LaunchScreen.storyboard in Resources */ = {isa = PBXBuildFile; fileRef = B81C832E2A0F833B000149D9 /* LaunchScreen.storyboard */; };
		B81C833B2A0F833B000149D9 /* SimpleArchiTests.swift in Sources */ = {isa = PBXBuildFile; fileRef = B81C833A2A0F833B000149D9 /* SimpleArchiTests.swift */; };
		B81C83452A0F833B000149D9 /* SimpleArchiUITests.swift in Sources */ = {isa = PBXBuildFile; fileRef = B81C83442A0F833B000149D9 /* SimpleArchiUITests.swift */; };
		B81C83472A0F833B000149D9 /* SimpleArchiUITestsLaunchTests.swift in Sources */ = {isa = PBXBuildFile; fileRef = B81C83462A0F833B000149D9 /* SimpleArchiUITestsLaunchTests.swift */; };
		B87B70D02A0F8FE20095457D /* HomeCoordinator.swift in Sources */ = {isa = PBXBuildFile; fileRef = B87B70CF2A0F8FE20095457D /* HomeCoordinator.swift */; };
		B87B70D32A0F96400095457D /* ItemTableViewCell.swift in Sources */ = {isa = PBXBuildFile; fileRef = B87B70D22A0F96400095457D /* ItemTableViewCell.swift */; };
		B87B70D72A0F970A0095457D /* UIView+Extension.swift in Sources */ = {isa = PBXBuildFile; fileRef = B87B70D62A0F970A0095457D /* UIView+Extension.swift */; };
		B87B70D92A1109930095457D /* HomeViewModel.swift in Sources */ = {isa = PBXBuildFile; fileRef = B87B70D82A1109930095457D /* HomeViewModel.swift */; };
		B87B70DB2A1119D60095457D /* HomeRepository.swift in Sources */ = {isa = PBXBuildFile; fileRef = B87B70DA2A1119D60095457D /* HomeRepository.swift */; };
		B87B70E12A1128B50095457D /* RequestBuilder.swift in Sources */ = {isa = PBXBuildFile; fileRef = B87B70DD2A1128B50095457D /* RequestBuilder.swift */; };
		B87B70E22A1128B50095457D /* NetworkError.swift in Sources */ = {isa = PBXBuildFile; fileRef = B87B70DE2A1128B50095457D /* NetworkError.swift */; };
		B87B70E32A1128B50095457D /* Endpoint.swift in Sources */ = {isa = PBXBuildFile; fileRef = B87B70DF2A1128B50095457D /* Endpoint.swift */; };
		B87B70E42A1128B50095457D /* NetworkService.swift in Sources */ = {isa = PBXBuildFile; fileRef = B87B70E02A1128B50095457D /* NetworkService.swift */; };
		B87B70E72A112AF80095457D /* GetItemsEndpoint.swift in Sources */ = {isa = PBXBuildFile; fileRef = B87B70E62A112AF80095457D /* GetItemsEndpoint.swift */; };
		B87B70E92A112B070095457D /* GetCategoriesEndpoint.swift in Sources */ = {isa = PBXBuildFile; fileRef = B87B70E82A112B070095457D /* GetCategoriesEndpoint.swift */; };
		B87B70ED2A112BC10095457D /* GetCategoriesResponse.swift in Sources */ = {isa = PBXBuildFile; fileRef = B87B70EC2A112BC10095457D /* GetCategoriesResponse.swift */; };
		B87B70EF2A112BCE0095457D /* ItemResponse.swift in Sources */ = {isa = PBXBuildFile; fileRef = B87B70EE2A112BCE0095457D /* ItemResponse.swift */; };
		B87B70F12A112F660095457D /* URLSession+Extension.swift in Sources */ = {isa = PBXBuildFile; fileRef = B87B70F02A112F660095457D /* URLSession+Extension.swift */; };
		B87B70F42A113DC90095457D /* DetailViewController.swift in Sources */ = {isa = PBXBuildFile; fileRef = B87B70F32A113DC90095457D /* DetailViewController.swift */; };
		B87B70F62A113F090095457D /* DetailCoordinator.swift in Sources */ = {isa = PBXBuildFile; fileRef = B87B70F52A113F090095457D /* DetailCoordinator.swift */; };
		B87B70F92A114BCF0095457D /* FiltersViewController.swift in Sources */ = {isa = PBXBuildFile; fileRef = B87B70F82A114BCF0095457D /* FiltersViewController.swift */; };
		B87B70FB2A1156660095457D /* FilterTableViewCell.swift in Sources */ = {isa = PBXBuildFile; fileRef = B87B70FA2A1156660095457D /* FilterTableViewCell.swift */; };
		B87B70FF2A118A220095457D /* Checkbox.swift in Sources */ = {isa = PBXBuildFile; fileRef = B87B70FE2A118A220095457D /* Checkbox.swift */; };
		B87B71022A118C540095457D /* Spacing.swift in Sources */ = {isa = PBXBuildFile; fileRef = B87B71012A118C540095457D /* Spacing.swift */; };
		B87B71092A12DA410095457D /* DateFormatter.swift in Sources */ = {isa = PBXBuildFile; fileRef = B87B71082A12DA410095457D /* DateFormatter.swift */; };
/* End PBXBuildFile section */

/* Begin PBXContainerItemProxy section */
		B81C83372A0F833B000149D9 /* PBXContainerItemProxy */ = {
			isa = PBXContainerItemProxy;
			containerPortal = B81C83182A0F8339000149D9 /* Project object */;
			proxyType = 1;
			remoteGlobalIDString = B81C831F2A0F8339000149D9;
			remoteInfo = SimpleArchi;
		};
		B81C83412A0F833B000149D9 /* PBXContainerItemProxy */ = {
			isa = PBXContainerItemProxy;
			containerPortal = B81C83182A0F8339000149D9 /* Project object */;
			proxyType = 1;
			remoteGlobalIDString = B81C831F2A0F8339000149D9;
			remoteInfo = SimpleArchi;
		};
/* End PBXContainerItemProxy section */

/* Begin PBXFileReference section */
		B81C83202A0F8339000149D9 /* SimpleArchi.app */ = {isa = PBXFileReference; explicitFileType = wrapper.application; includeInIndex = 0; path = SimpleArchi.app; sourceTree = BUILT_PRODUCTS_DIR; };
		B81C83232A0F8339000149D9 /* AppDelegate.swift */ = {isa = PBXFileReference; lastKnownFileType = sourcecode.swift; path = AppDelegate.swift; sourceTree = "<group>"; };
		B81C83252A0F8339000149D9 /* SceneDelegate.swift */ = {isa = PBXFileReference; lastKnownFileType = sourcecode.swift; path = SceneDelegate.swift; sourceTree = "<group>"; };
		B81C83272A0F8339000149D9 /* HomeViewController.swift */ = {isa = PBXFileReference; lastKnownFileType = sourcecode.swift; path = HomeViewController.swift; sourceTree = "<group>"; };
		B81C832C2A0F833B000149D9 /* Assets.xcassets */ = {isa = PBXFileReference; lastKnownFileType = folder.assetcatalog; path = Assets.xcassets; sourceTree = "<group>"; };
		B81C832F2A0F833B000149D9 /* Base */ = {isa = PBXFileReference; lastKnownFileType = file.storyboard; name = Base; path = Base.lproj/LaunchScreen.storyboard; sourceTree = "<group>"; };
		B81C83312A0F833B000149D9 /* Info.plist */ = {isa = PBXFileReference; lastKnownFileType = text.plist.xml; path = Info.plist; sourceTree = "<group>"; };
		B81C83362A0F833B000149D9 /* SimpleArchiTests.xctest */ = {isa = PBXFileReference; explicitFileType = wrapper.cfbundle; includeInIndex = 0; path = SimpleArchiTests.xctest; sourceTree = BUILT_PRODUCTS_DIR; };
		B81C833A2A0F833B000149D9 /* SimpleArchiTests.swift */ = {isa = PBXFileReference; lastKnownFileType = sourcecode.swift; path = SimpleArchiTests.swift; sourceTree = "<group>"; };
		B81C83402A0F833B000149D9 /* SimpleArchiUITests.xctest */ = {isa = PBXFileReference; explicitFileType = wrapper.cfbundle; includeInIndex = 0; path = SimpleArchiUITests.xctest; sourceTree = BUILT_PRODUCTS_DIR; };
		B81C83442A0F833B000149D9 /* SimpleArchiUITests.swift */ = {isa = PBXFileReference; lastKnownFileType = sourcecode.swift; path = SimpleArchiUITests.swift; sourceTree = "<group>"; };
		B81C83462A0F833B000149D9 /* SimpleArchiUITestsLaunchTests.swift */ = {isa = PBXFileReference; lastKnownFileType = sourcecode.swift; path = SimpleArchiUITestsLaunchTests.swift; sourceTree = "<group>"; };
		B87B70CF2A0F8FE20095457D /* HomeCoordinator.swift */ = {isa = PBXFileReference; lastKnownFileType = sourcecode.swift; path = HomeCoordinator.swift; sourceTree = "<group>"; };
		B87B70D22A0F96400095457D /* ItemTableViewCell.swift */ = {isa = PBXFileReference; lastKnownFileType = sourcecode.swift; path = ItemTableViewCell.swift; sourceTree = "<group>"; };
		B87B70D62A0F970A0095457D /* UIView+Extension.swift */ = {isa = PBXFileReference; lastKnownFileType = sourcecode.swift; path = "UIView+Extension.swift"; sourceTree = "<group>"; };
		B87B70D82A1109930095457D /* HomeViewModel.swift */ = {isa = PBXFileReference; lastKnownFileType = sourcecode.swift; path = HomeViewModel.swift; sourceTree = "<group>"; };
		B87B70DA2A1119D60095457D /* HomeRepository.swift */ = {isa = PBXFileReference; lastKnownFileType = sourcecode.swift; path = HomeRepository.swift; sourceTree = "<group>"; };
		B87B70DD2A1128B50095457D /* RequestBuilder.swift */ = {isa = PBXFileReference; fileEncoding = 4; lastKnownFileType = sourcecode.swift; path = RequestBuilder.swift; sourceTree = "<group>"; };
		B87B70DE2A1128B50095457D /* NetworkError.swift */ = {isa = PBXFileReference; fileEncoding = 4; lastKnownFileType = sourcecode.swift; path = NetworkError.swift; sourceTree = "<group>"; };
		B87B70DF2A1128B50095457D /* Endpoint.swift */ = {isa = PBXFileReference; fileEncoding = 4; lastKnownFileType = sourcecode.swift; path = Endpoint.swift; sourceTree = "<group>"; };
		B87B70E02A1128B50095457D /* NetworkService.swift */ = {isa = PBXFileReference; fileEncoding = 4; lastKnownFileType = sourcecode.swift; path = NetworkService.swift; sourceTree = "<group>"; };
		B87B70E62A112AF80095457D /* GetItemsEndpoint.swift */ = {isa = PBXFileReference; lastKnownFileType = sourcecode.swift; path = GetItemsEndpoint.swift; sourceTree = "<group>"; };
		B87B70E82A112B070095457D /* GetCategoriesEndpoint.swift */ = {isa = PBXFileReference; lastKnownFileType = sourcecode.swift; path = GetCategoriesEndpoint.swift; sourceTree = "<group>"; };
		B87B70EC2A112BC10095457D /* GetCategoriesResponse.swift */ = {isa = PBXFileReference; lastKnownFileType = sourcecode.swift; path = GetCategoriesResponse.swift; sourceTree = "<group>"; };
		B87B70EE2A112BCE0095457D /* ItemResponse.swift */ = {isa = PBXFileReference; lastKnownFileType = sourcecode.swift; path = ItemResponse.swift; sourceTree = "<group>"; };
		B87B70F02A112F660095457D /* URLSession+Extension.swift */ = {isa = PBXFileReference; lastKnownFileType = sourcecode.swift; path = "URLSession+Extension.swift"; sourceTree = "<group>"; };
		B87B70F32A113DC90095457D /* DetailViewController.swift */ = {isa = PBXFileReference; lastKnownFileType = sourcecode.swift; path = DetailViewController.swift; sourceTree = "<group>"; };
		B87B70F52A113F090095457D /* DetailCoordinator.swift */ = {isa = PBXFileReference; lastKnownFileType = sourcecode.swift; path = DetailCoordinator.swift; sourceTree = "<group>"; };
		B87B70F82A114BCF0095457D /* FiltersViewController.swift */ = {isa = PBXFileReference; lastKnownFileType = sourcecode.swift; path = FiltersViewController.swift; sourceTree = "<group>"; };
		B87B70FA2A1156660095457D /* FilterTableViewCell.swift */ = {isa = PBXFileReference; lastKnownFileType = sourcecode.swift; path = FilterTableViewCell.swift; sourceTree = "<group>"; };
		B87B70FE2A118A220095457D /* Checkbox.swift */ = {isa = PBXFileReference; lastKnownFileType = sourcecode.swift; path = Checkbox.swift; sourceTree = "<group>"; };
		B87B71012A118C540095457D /* Spacing.swift */ = {isa = PBXFileReference; lastKnownFileType = sourcecode.swift; path = Spacing.swift; sourceTree = "<group>"; };
		B87B71082A12DA410095457D /* DateFormatter.swift */ = {isa = PBXFileReference; lastKnownFileType = sourcecode.swift; path = DateFormatter.swift; sourceTree = "<group>"; };
/* End PBXFileReference section */

/* Begin PBXFrameworksBuildPhase section */
		B81C831D2A0F8339000149D9 /* Frameworks */ = {
			isa = PBXFrameworksBuildPhase;
			buildActionMask = 2147483647;
			files = (
			);
			runOnlyForDeploymentPostprocessing = 0;
		};
		B81C83332A0F833B000149D9 /* Frameworks */ = {
			isa = PBXFrameworksBuildPhase;
			buildActionMask = 2147483647;
			files = (
			);
			runOnlyForDeploymentPostprocessing = 0;
		};
		B81C833D2A0F833B000149D9 /* Frameworks */ = {
			isa = PBXFrameworksBuildPhase;
			buildActionMask = 2147483647;
			files = (
			);
			runOnlyForDeploymentPostprocessing = 0;
		};
/* End PBXFrameworksBuildPhase section */

/* Begin PBXGroup section */
		B81C83172A0F8339000149D9 = {
			isa = PBXGroup;
			children = (
				B81C83222A0F8339000149D9 /* SimpleArchi */,
				B81C83392A0F833B000149D9 /* SimpleArchiTests */,
				B81C83432A0F833B000149D9 /* SimpleArchiUITests */,
				B81C83212A0F8339000149D9 /* Products */,
			);
			sourceTree = "<group>";
		};
		B81C83212A0F8339000149D9 /* Products */ = {
			isa = PBXGroup;
			children = (
				B81C83202A0F8339000149D9 /* SimpleArchi.app */,
				B81C83362A0F833B000149D9 /* SimpleArchiTests.xctest */,
				B81C83402A0F833B000149D9 /* SimpleArchiUITests.xctest */,
			);
			name = Products;
			sourceTree = "<group>";
		};
		B81C83222A0F8339000149D9 /* SimpleArchi */ = {
			isa = PBXGroup;
			children = (
				B81C83312A0F833B000149D9 /* Info.plist */,
				B81C83552A0F85AF000149D9 /* Derived */,
				B81C83532A0F8592000149D9 /* Resources */,
				B81C83542A0F85A3000149D9 /* Sources */,
			);
			path = SimpleArchi;
			sourceTree = "<group>";
		};
		B81C83392A0F833B000149D9 /* SimpleArchiTests */ = {
			isa = PBXGroup;
			children = (
				B81C833A2A0F833B000149D9 /* SimpleArchiTests.swift */,
			);
			path = SimpleArchiTests;
			sourceTree = "<group>";
		};
		B81C83432A0F833B000149D9 /* SimpleArchiUITests */ = {
			isa = PBXGroup;
			children = (
				B81C83442A0F833B000149D9 /* SimpleArchiUITests.swift */,
				B81C83462A0F833B000149D9 /* SimpleArchiUITestsLaunchTests.swift */,
			);
			path = SimpleArchiUITests;
			sourceTree = "<group>";
		};
		B81C83532A0F8592000149D9 /* Resources */ = {
			isa = PBXGroup;
			children = (
				B81C832C2A0F833B000149D9 /* Assets.xcassets */,
			);
			path = Resources;
			sourceTree = "<group>";
		};
		B81C83542A0F85A3000149D9 /* Sources */ = {
			isa = PBXGroup;
			children = (
				B87B70FC2A1189FD0095457D /* Design system */,
				B87B70F22A113DAA0095457D /* Detail */,
				B87B70DC2A1126D80095457D /* Network */,
				B87B70D42A0F96EA0095457D /* Helpers */,
				B87B70CE2A0F8FD20095457D /* Home */,
				B81C83252A0F8339000149D9 /* SceneDelegate.swift */,
			);
			path = Sources;
			sourceTree = "<group>";
		};
		B81C83552A0F85AF000149D9 /* Derived */ = {
			isa = PBXGroup;
			children = (
				B81C832E2A0F833B000149D9 /* LaunchScreen.storyboard */,
				B81C83232A0F8339000149D9 /* AppDelegate.swift */,
			);
			path = Derived;
			sourceTree = "<group>";
		};
		B87B70CE2A0F8FD20095457D /* Home */ = {
			isa = PBXGroup;
			children = (
				B87B70F72A114BA10095457D /* Filters */,
				B87B70E52A112AD80095457D /* Network */,
				B87B70D12A0F95580095457D /* Cells */,
				B81C83272A0F8339000149D9 /* HomeViewController.swift */,
				B87B70CF2A0F8FE20095457D /* HomeCoordinator.swift */,
				B87B70D82A1109930095457D /* HomeViewModel.swift */,
			);
			path = Home;
			sourceTree = "<group>";
		};
		B87B70D12A0F95580095457D /* Cells */ = {
			isa = PBXGroup;
			children = (
				B87B70D22A0F96400095457D /* ItemTableViewCell.swift */,
			);
			path = Cells;
			sourceTree = "<group>";
		};
		B87B70D42A0F96EA0095457D /* Helpers */ = {
			isa = PBXGroup;
			children = (
				B87B71072A12DA320095457D /* Date */,
				B87B70D52A0F96F20095457D /* Extensions */,
			);
			path = Helpers;
			sourceTree = "<group>";
		};
		B87B70D52A0F96F20095457D /* Extensions */ = {
			isa = PBXGroup;
			children = (
				B87B70D62A0F970A0095457D /* UIView+Extension.swift */,
				B87B70F02A112F660095457D /* URLSession+Extension.swift */,
			);
			path = Extensions;
			sourceTree = "<group>";
		};
		B87B70DC2A1126D80095457D /* Network */ = {
			isa = PBXGroup;
			children = (
				B87B70DF2A1128B50095457D /* Endpoint.swift */,
				B87B70DE2A1128B50095457D /* NetworkError.swift */,
				B87B70E02A1128B50095457D /* NetworkService.swift */,
				B87B70DD2A1128B50095457D /* RequestBuilder.swift */,
			);
			path = Network;
			sourceTree = "<group>";
		};
		B87B70E52A112AD80095457D /* Network */ = {
			isa = PBXGroup;
			children = (
				B87B70EB2A112BA70095457D /* Categories */,
				B87B70EA2A112BA10095457D /* Items */,
				B87B70DA2A1119D60095457D /* HomeRepository.swift */,
			);
			path = Network;
			sourceTree = "<group>";
		};
		B87B70EA2A112BA10095457D /* Items */ = {
			isa = PBXGroup;
			children = (
				B87B70E62A112AF80095457D /* GetItemsEndpoint.swift */,
				B87B70EE2A112BCE0095457D /* ItemResponse.swift */,
			);
			path = Items;
			sourceTree = "<group>";
		};
		B87B70EB2A112BA70095457D /* Categories */ = {
			isa = PBXGroup;
			children = (
				B87B70E82A112B070095457D /* GetCategoriesEndpoint.swift */,
				B87B70EC2A112BC10095457D /* GetCategoriesResponse.swift */,
			);
			path = Categories;
			sourceTree = "<group>";
		};
		B87B70F22A113DAA0095457D /* Detail */ = {
			isa = PBXGroup;
			children = (
				B87B70F32A113DC90095457D /* DetailViewController.swift */,
				B87B70F52A113F090095457D /* DetailCoordinator.swift */,
			);
			path = Detail;
			sourceTree = "<group>";
		};
		B87B70F72A114BA10095457D /* Filters */ = {
			isa = PBXGroup;
			children = (
				B87B70F82A114BCF0095457D /* FiltersViewController.swift */,
				B87B70FA2A1156660095457D /* FilterTableViewCell.swift */,
			);
			path = Filters;
			sourceTree = "<group>";
		};
		B87B70FC2A1189FD0095457D /* Design system */ = {
			isa = PBXGroup;
			children = (
				B87B71002A118C490095457D /* Spacing */,
				B87B70FD2A118A0C0095457D /* Checkbox */,
			);
			path = "Design system";
			sourceTree = "<group>";
		};
		B87B70FD2A118A0C0095457D /* Checkbox */ = {
			isa = PBXGroup;
			children = (
				B87B70FE2A118A220095457D /* Checkbox.swift */,
			);
			path = Checkbox;
			sourceTree = "<group>";
		};
		B87B71002A118C490095457D /* Spacing */ = {
			isa = PBXGroup;
			children = (
				B87B71012A118C540095457D /* Spacing.swift */,
			);
			path = Spacing;
			sourceTree = "<group>";
		};
		B87B71072A12DA320095457D /* Date */ = {
			isa = PBXGroup;
			children = (
				B87B71082A12DA410095457D /* DateFormatter.swift */,
			);
			path = Date;
			sourceTree = "<group>";
		};
/* End PBXGroup section */

/* Begin PBXNativeTarget section */
		B81C831F2A0F8339000149D9 /* SimpleArchi */ = {
			isa = PBXNativeTarget;
			buildConfigurationList = B81C834A2A0F833B000149D9 /* Build configuration list for PBXNativeTarget "SimpleArchi" */;
			buildPhases = (
				B81C831C2A0F8339000149D9 /* Sources */,
				B81C831D2A0F8339000149D9 /* Frameworks */,
				B81C831E2A0F8339000149D9 /* Resources */,
			);
			buildRules = (
			);
			dependencies = (
			);
			name = SimpleArchi;
			productName = SimpleArchi;
			productReference = B81C83202A0F8339000149D9 /* SimpleArchi.app */;
			productType = "com.apple.product-type.application";
		};
		B81C83352A0F833B000149D9 /* SimpleArchiTests */ = {
			isa = PBXNativeTarget;
			buildConfigurationList = B81C834D2A0F833B000149D9 /* Build configuration list for PBXNativeTarget "SimpleArchiTests" */;
			buildPhases = (
				B81C83322A0F833B000149D9 /* Sources */,
				B81C83332A0F833B000149D9 /* Frameworks */,
				B81C83342A0F833B000149D9 /* Resources */,
			);
			buildRules = (
			);
			dependencies = (
				B81C83382A0F833B000149D9 /* PBXTargetDependency */,
			);
			name = SimpleArchiTests;
			productName = SimpleArchiTests;
			productReference = B81C83362A0F833B000149D9 /* SimpleArchiTests.xctest */;
			productType = "com.apple.product-type.bundle.unit-test";
		};
		B81C833F2A0F833B000149D9 /* SimpleArchiUITests */ = {
			isa = PBXNativeTarget;
			buildConfigurationList = B81C83502A0F833B000149D9 /* Build configuration list for PBXNativeTarget "SimpleArchiUITests" */;
			buildPhases = (
				B81C833C2A0F833B000149D9 /* Sources */,
				B81C833D2A0F833B000149D9 /* Frameworks */,
				B81C833E2A0F833B000149D9 /* Resources */,
			);
			buildRules = (
			);
			dependencies = (
				B81C83422A0F833B000149D9 /* PBXTargetDependency */,
			);
			name = SimpleArchiUITests;
			productName = SimpleArchiUITests;
			productReference = B81C83402A0F833B000149D9 /* SimpleArchiUITests.xctest */;
			productType = "com.apple.product-type.bundle.ui-testing";
		};
/* End PBXNativeTarget section */

/* Begin PBXProject section */
		B81C83182A0F8339000149D9 /* Project object */ = {
			isa = PBXProject;
			attributes = {
				BuildIndependentTargetsInParallel = 1;
				LastSwiftUpdateCheck = 1420;
				LastUpgradeCheck = 1420;
				TargetAttributes = {
					B81C831F2A0F8339000149D9 = {
						CreatedOnToolsVersion = 14.2;
					};
					B81C83352A0F833B000149D9 = {
						CreatedOnToolsVersion = 14.2;
						TestTargetID = B81C831F2A0F8339000149D9;
					};
					B81C833F2A0F833B000149D9 = {
						CreatedOnToolsVersion = 14.2;
						TestTargetID = B81C831F2A0F8339000149D9;
					};
				};
			};
			buildConfigurationList = B81C831B2A0F8339000149D9 /* Build configuration list for PBXProject "SimpleArchi" */;
			compatibilityVersion = "Xcode 14.0";
			developmentRegion = en;
			hasScannedForEncodings = 0;
			knownRegions = (
				en,
				Base,
			);
			mainGroup = B81C83172A0F8339000149D9;
			productRefGroup = B81C83212A0F8339000149D9 /* Products */;
			projectDirPath = "";
			projectRoot = "";
			targets = (
				B81C831F2A0F8339000149D9 /* SimpleArchi */,
				B81C83352A0F833B000149D9 /* SimpleArchiTests */,
				B81C833F2A0F833B000149D9 /* SimpleArchiUITests */,
			);
		};
/* End PBXProject section */

/* Begin PBXResourcesBuildPhase section */
		B81C831E2A0F8339000149D9 /* Resources */ = {
			isa = PBXResourcesBuildPhase;
			buildActionMask = 2147483647;
			files = (
				B81C83302A0F833B000149D9 /* LaunchScreen.storyboard in Resources */,
				B81C832D2A0F833B000149D9 /* Assets.xcassets in Resources */,
			);
			runOnlyForDeploymentPostprocessing = 0;
		};
		B81C83342A0F833B000149D9 /* Resources */ = {
			isa = PBXResourcesBuildPhase;
			buildActionMask = 2147483647;
			files = (
			);
			runOnlyForDeploymentPostprocessing = 0;
		};
		B81C833E2A0F833B000149D9 /* Resources */ = {
			isa = PBXResourcesBuildPhase;
			buildActionMask = 2147483647;
			files = (
			);
			runOnlyForDeploymentPostprocessing = 0;
		};
/* End PBXResourcesBuildPhase section */

/* Begin PBXSourcesBuildPhase section */
		B81C831C2A0F8339000149D9 /* Sources */ = {
			isa = PBXSourcesBuildPhase;
			buildActionMask = 2147483647;
			files = (
				B87B71092A12DA410095457D /* DateFormatter.swift in Sources */,
				B87B70DB2A1119D60095457D /* HomeRepository.swift in Sources */,
				B87B70D72A0F970A0095457D /* UIView+Extension.swift in Sources */,
				B87B70EF2A112BCE0095457D /* ItemResponse.swift in Sources */,
				B81C83282A0F8339000149D9 /* HomeViewController.swift in Sources */,
				B87B70FF2A118A220095457D /* Checkbox.swift in Sources */,
				B87B70F62A113F090095457D /* DetailCoordinator.swift in Sources */,
				B87B71022A118C540095457D /* Spacing.swift in Sources */,
				B87B70E92A112B070095457D /* GetCategoriesEndpoint.swift in Sources */,
				B87B70E72A112AF80095457D /* GetItemsEndpoint.swift in Sources */,
				B87B70E12A1128B50095457D /* RequestBuilder.swift in Sources */,
				B87B70D92A1109930095457D /* HomeViewModel.swift in Sources */,
				B87B70D02A0F8FE20095457D /* HomeCoordinator.swift in Sources */,
				B87B70F42A113DC90095457D /* DetailViewController.swift in Sources */,
				B87B70ED2A112BC10095457D /* GetCategoriesResponse.swift in Sources */,
				B87B70FB2A1156660095457D /* FilterTableViewCell.swift in Sources */,
				B87B70D32A0F96400095457D /* ItemTableViewCell.swift in Sources */,
				B81C83242A0F8339000149D9 /* AppDelegate.swift in Sources */,
				B87B70F92A114BCF0095457D /* FiltersViewController.swift in Sources */,
				B81C83262A0F8339000149D9 /* SceneDelegate.swift in Sources */,
				B87B70E32A1128B50095457D /* Endpoint.swift in Sources */,
				B87B70E42A1128B50095457D /* NetworkService.swift in Sources */,
				B87B70E22A1128B50095457D /* NetworkError.swift in Sources */,
				B87B70F12A112F660095457D /* URLSession+Extension.swift in Sources */,
			);
			runOnlyForDeploymentPostprocessing = 0;
		};
		B81C83322A0F833B000149D9 /* Sources */ = {
			isa = PBXSourcesBuildPhase;
			buildActionMask = 2147483647;
			files = (
				B81C833B2A0F833B000149D9 /* SimpleArchiTests.swift in Sources */,
			);
			runOnlyForDeploymentPostprocessing = 0;
		};
		B81C833C2A0F833B000149D9 /* Sources */ = {
			isa = PBXSourcesBuildPhase;
			buildActionMask = 2147483647;
			files = (
				B81C83472A0F833B000149D9 /* SimpleArchiUITestsLaunchTests.swift in Sources */,
				B81C83452A0F833B000149D9 /* SimpleArchiUITests.swift in Sources */,
			);
			runOnlyForDeploymentPostprocessing = 0;
		};
/* End PBXSourcesBuildPhase section */

/* Begin PBXTargetDependency section */
		B81C83382A0F833B000149D9 /* PBXTargetDependency */ = {
			isa = PBXTargetDependency;
			target = B81C831F2A0F8339000149D9 /* SimpleArchi */;
			targetProxy = B81C83372A0F833B000149D9 /* PBXContainerItemProxy */;
		};
		B81C83422A0F833B000149D9 /* PBXTargetDependency */ = {
			isa = PBXTargetDependency;
			target = B81C831F2A0F8339000149D9 /* SimpleArchi */;
			targetProxy = B81C83412A0F833B000149D9 /* PBXContainerItemProxy */;
		};
/* End PBXTargetDependency section */

/* Begin PBXVariantGroup section */
		B81C832E2A0F833B000149D9 /* LaunchScreen.storyboard */ = {
			isa = PBXVariantGroup;
			children = (
				B81C832F2A0F833B000149D9 /* Base */,
			);
			name = LaunchScreen.storyboard;
			sourceTree = "<group>";
		};
/* End PBXVariantGroup section */

/* Begin XCBuildConfiguration section */
		B81C83482A0F833B000149D9 /* Debug */ = {
			isa = XCBuildConfiguration;
			buildSettings = {
				ALWAYS_SEARCH_USER_PATHS = NO;
				CLANG_ANALYZER_NONNULL = YES;
				CLANG_ANALYZER_NUMBER_OBJECT_CONVERSION = YES_AGGRESSIVE;
				CLANG_CXX_LANGUAGE_STANDARD = "gnu++20";
				CLANG_ENABLE_MODULES = YES;
				CLANG_ENABLE_OBJC_ARC = YES;
				CLANG_ENABLE_OBJC_WEAK = YES;
				CLANG_WARN_BLOCK_CAPTURE_AUTORELEASING = YES;
				CLANG_WARN_BOOL_CONVERSION = YES;
				CLANG_WARN_COMMA = YES;
				CLANG_WARN_CONSTANT_CONVERSION = YES;
				CLANG_WARN_DEPRECATED_OBJC_IMPLEMENTATIONS = YES;
				CLANG_WARN_DIRECT_OBJC_ISA_USAGE = YES_ERROR;
				CLANG_WARN_DOCUMENTATION_COMMENTS = YES;
				CLANG_WARN_EMPTY_BODY = YES;
				CLANG_WARN_ENUM_CONVERSION = YES;
				CLANG_WARN_INFINITE_RECURSION = YES;
				CLANG_WARN_INT_CONVERSION = YES;
				CLANG_WARN_NON_LITERAL_NULL_CONVERSION = YES;
				CLANG_WARN_OBJC_IMPLICIT_RETAIN_SELF = YES;
				CLANG_WARN_OBJC_LITERAL_CONVERSION = YES;
				CLANG_WARN_OBJC_ROOT_CLASS = YES_ERROR;
				CLANG_WARN_QUOTED_INCLUDE_IN_FRAMEWORK_HEADER = YES;
				CLANG_WARN_RANGE_LOOP_ANALYSIS = YES;
				CLANG_WARN_STRICT_PROTOTYPES = YES;
				CLANG_WARN_SUSPICIOUS_MOVE = YES;
				CLANG_WARN_UNGUARDED_AVAILABILITY = YES_AGGRESSIVE;
				CLANG_WARN_UNREACHABLE_CODE = YES;
				CLANG_WARN__DUPLICATE_METHOD_MATCH = YES;
				COPY_PHASE_STRIP = NO;
				DEBUG_INFORMATION_FORMAT = dwarf;
				ENABLE_STRICT_OBJC_MSGSEND = YES;
				ENABLE_TESTABILITY = YES;
				GCC_C_LANGUAGE_STANDARD = gnu11;
				GCC_DYNAMIC_NO_PIC = NO;
				GCC_NO_COMMON_BLOCKS = YES;
				GCC_OPTIMIZATION_LEVEL = 0;
				GCC_PREPROCESSOR_DEFINITIONS = (
					"DEBUG=1",
					"$(inherited)",
				);
				GCC_WARN_64_TO_32_BIT_CONVERSION = YES;
				GCC_WARN_ABOUT_RETURN_TYPE = YES_ERROR;
				GCC_WARN_UNDECLARED_SELECTOR = YES;
				GCC_WARN_UNINITIALIZED_AUTOS = YES_AGGRESSIVE;
				GCC_WARN_UNUSED_FUNCTION = YES;
				GCC_WARN_UNUSED_VARIABLE = YES;
				IPHONEOS_DEPLOYMENT_TARGET = 16.2;
				MTL_ENABLE_DEBUG_INFO = INCLUDE_SOURCE;
				MTL_FAST_MATH = YES;
				ONLY_ACTIVE_ARCH = YES;
				SDKROOT = iphoneos;
				SWIFT_ACTIVE_COMPILATION_CONDITIONS = DEBUG;
				SWIFT_OPTIMIZATION_LEVEL = "-Onone";
			};
			name = Debug;
		};
		B81C83492A0F833B000149D9 /* Release */ = {
			isa = XCBuildConfiguration;
			buildSettings = {
				ALWAYS_SEARCH_USER_PATHS = NO;
				CLANG_ANALYZER_NONNULL = YES;
				CLANG_ANALYZER_NUMBER_OBJECT_CONVERSION = YES_AGGRESSIVE;
				CLANG_CXX_LANGUAGE_STANDARD = "gnu++20";
				CLANG_ENABLE_MODULES = YES;
				CLANG_ENABLE_OBJC_ARC = YES;
				CLANG_ENABLE_OBJC_WEAK = YES;
				CLANG_WARN_BLOCK_CAPTURE_AUTORELEASING = YES;
				CLANG_WARN_BOOL_CONVERSION = YES;
				CLANG_WARN_COMMA = YES;
				CLANG_WARN_CONSTANT_CONVERSION = YES;
				CLANG_WARN_DEPRECATED_OBJC_IMPLEMENTATIONS = YES;
				CLANG_WARN_DIRECT_OBJC_ISA_USAGE = YES_ERROR;
				CLANG_WARN_DOCUMENTATION_COMMENTS = YES;
				CLANG_WARN_EMPTY_BODY = YES;
				CLANG_WARN_ENUM_CONVERSION = YES;
				CLANG_WARN_INFINITE_RECURSION = YES;
				CLANG_WARN_INT_CONVERSION = YES;
				CLANG_WARN_NON_LITERAL_NULL_CONVERSION = YES;
				CLANG_WARN_OBJC_IMPLICIT_RETAIN_SELF = YES;
				CLANG_WARN_OBJC_LITERAL_CONVERSION = YES;
				CLANG_WARN_OBJC_ROOT_CLASS = YES_ERROR;
				CLANG_WARN_QUOTED_INCLUDE_IN_FRAMEWORK_HEADER = YES;
				CLANG_WARN_RANGE_LOOP_ANALYSIS = YES;
				CLANG_WARN_STRICT_PROTOTYPES = YES;
				CLANG_WARN_SUSPICIOUS_MOVE = YES;
				CLANG_WARN_UNGUARDED_AVAILABILITY = YES_AGGRESSIVE;
				CLANG_WARN_UNREACHABLE_CODE = YES;
				CLANG_WARN__DUPLICATE_METHOD_MATCH = YES;
				COPY_PHASE_STRIP = NO;
				DEBUG_INFORMATION_FORMAT = "dwarf-with-dsym";
				ENABLE_NS_ASSERTIONS = NO;
				ENABLE_STRICT_OBJC_MSGSEND = YES;
				GCC_C_LANGUAGE_STANDARD = gnu11;
				GCC_NO_COMMON_BLOCKS = YES;
				GCC_WARN_64_TO_32_BIT_CONVERSION = YES;
				GCC_WARN_ABOUT_RETURN_TYPE = YES_ERROR;
				GCC_WARN_UNDECLARED_SELECTOR = YES;
				GCC_WARN_UNINITIALIZED_AUTOS = YES_AGGRESSIVE;
				GCC_WARN_UNUSED_FUNCTION = YES;
				GCC_WARN_UNUSED_VARIABLE = YES;
				IPHONEOS_DEPLOYMENT_TARGET = 16.2;
				MTL_ENABLE_DEBUG_INFO = NO;
				MTL_FAST_MATH = YES;
				SDKROOT = iphoneos;
				SWIFT_COMPILATION_MODE = wholemodule;
				SWIFT_OPTIMIZATION_LEVEL = "-O";
				VALIDATE_PRODUCT = YES;
			};
			name = Release;
		};
		B81C834B2A0F833B000149D9 /* Debug */ = {
			isa = XCBuildConfiguration;
			buildSettings = {
				ASSETCATALOG_COMPILER_APPICON_NAME = AppIcon;
				ASSETCATALOG_COMPILER_GLOBAL_ACCENT_COLOR_NAME = AccentColor;
				CODE_SIGN_STYLE = Automatic;
				CURRENT_PROJECT_VERSION = 1;
				DEVELOPMENT_TEAM = 32Y6VPRZSW;
				GENERATE_INFOPLIST_FILE = YES;
				INFOPLIST_FILE = SimpleArchi/Info.plist;
				INFOPLIST_KEY_UIApplicationSupportsIndirectInputEvents = YES;
				INFOPLIST_KEY_UILaunchStoryboardName = LaunchScreen.storyboard;
				INFOPLIST_KEY_UISupportedInterfaceOrientations_iPad = "UIInterfaceOrientationPortrait UIInterfaceOrientationPortraitUpsideDown UIInterfaceOrientationLandscapeLeft UIInterfaceOrientationLandscapeRight";
				INFOPLIST_KEY_UISupportedInterfaceOrientations_iPhone = "UIInterfaceOrientationPortrait UIInterfaceOrientationLandscapeLeft UIInterfaceOrientationLandscapeRight";
				IPHONEOS_DEPLOYMENT_TARGET = 14.0;
				LD_RUNPATH_SEARCH_PATHS = (
					"$(inherited)",
					"@executable_path/Frameworks",
				);
				MARKETING_VERSION = 1.0;
				PRODUCT_BUNDLE_IDENTIFIER = Fjuteau.SimpleArchi;
				PRODUCT_NAME = "$(TARGET_NAME)";
				SWIFT_EMIT_LOC_STRINGS = YES;
				SWIFT_VERSION = 5.0;
				TARGETED_DEVICE_FAMILY = "1,2";
			};
			name = Debug;
		};
		B81C834C2A0F833B000149D9 /* Release */ = {
			isa = XCBuildConfiguration;
			buildSettings = {
				ASSETCATALOG_COMPILER_APPICON_NAME = AppIcon;
				ASSETCATALOG_COMPILER_GLOBAL_ACCENT_COLOR_NAME = AccentColor;
				CODE_SIGN_STYLE = Automatic;
				CURRENT_PROJECT_VERSION = 1;
				DEVELOPMENT_TEAM = 32Y6VPRZSW;
				GENERATE_INFOPLIST_FILE = YES;
				INFOPLIST_FILE = SimpleArchi/Info.plist;
				INFOPLIST_KEY_UIApplicationSupportsIndirectInputEvents = YES;
				INFOPLIST_KEY_UILaunchStoryboardName = LaunchScreen.storyboard;
				INFOPLIST_KEY_UISupportedInterfaceOrientations_iPad = "UIInterfaceOrientationPortrait UIInterfaceOrientationPortraitUpsideDown UIInterfaceOrientationLandscapeLeft UIInterfaceOrientationLandscapeRight";
				INFOPLIST_KEY_UISupportedInterfaceOrientations_iPhone = "UIInterfaceOrientationPortrait UIInterfaceOrientationLandscapeLeft UIInterfaceOrientationLandscapeRight";
				IPHONEOS_DEPLOYMENT_TARGET = 14.0;
				LD_RUNPATH_SEARCH_PATHS = (
					"$(inherited)",
					"@executable_path/Frameworks",
				);
				MARKETING_VERSION = 1.0;
				PRODUCT_BUNDLE_IDENTIFIER = Fjuteau.SimpleArchi;
				PRODUCT_NAME = "$(TARGET_NAME)";
				SWIFT_EMIT_LOC_STRINGS = YES;
				SWIFT_VERSION = 5.0;
				TARGETED_DEVICE_FAMILY = "1,2";
			};
			name = Release;
		};
		B81C834E2A0F833B000149D9 /* Debug */ = {
			isa = XCBuildConfiguration;
			buildSettings = {
				ALWAYS_EMBED_SWIFT_STANDARD_LIBRARIES = YES;
				BUNDLE_LOADER = "$(TEST_HOST)";
				CODE_SIGN_STYLE = Automatic;
				CURRENT_PROJECT_VERSION = 1;
				DEVELOPMENT_TEAM = 32Y6VPRZSW;
				GENERATE_INFOPLIST_FILE = YES;
				IPHONEOS_DEPLOYMENT_TARGET = 16.2;
				MARKETING_VERSION = 1.0;
				PRODUCT_BUNDLE_IDENTIFIER = Fjuteau.SimpleArchiTests;
				PRODUCT_NAME = "$(TARGET_NAME)";
				SWIFT_EMIT_LOC_STRINGS = NO;
				SWIFT_VERSION = 5.0;
				TARGETED_DEVICE_FAMILY = "1,2";
				TEST_HOST = "$(BUILT_PRODUCTS_DIR)/SimpleArchi.app/$(BUNDLE_EXECUTABLE_FOLDER_PATH)/SimpleArchi";
			};
			name = Debug;
		};
		B81C834F2A0F833B000149D9 /* Release */ = {
			isa = XCBuildConfiguration;
			buildSettings = {
				ALWAYS_EMBED_SWIFT_STANDARD_LIBRARIES = YES;
				BUNDLE_LOADER = "$(TEST_HOST)";
				CODE_SIGN_STYLE = Automatic;
				CURRENT_PROJECT_VERSION = 1;
				DEVELOPMENT_TEAM = 32Y6VPRZSW;
				GENERATE_INFOPLIST_FILE = YES;
				IPHONEOS_DEPLOYMENT_TARGET = 16.2;
				MARKETING_VERSION = 1.0;
				PRODUCT_BUNDLE_IDENTIFIER = Fjuteau.SimpleArchiTests;
				PRODUCT_NAME = "$(TARGET_NAME)";
				SWIFT_EMIT_LOC_STRINGS = NO;
				SWIFT_VERSION = 5.0;
				TARGETED_DEVICE_FAMILY = "1,2";
				TEST_HOST = "$(BUILT_PRODUCTS_DIR)/SimpleArchi.app/$(BUNDLE_EXECUTABLE_FOLDER_PATH)/SimpleArchi";
			};
			name = Release;
		};
		B81C83512A0F833B000149D9 /* Debug */ = {
			isa = XCBuildConfiguration;
			buildSettings = {
				ALWAYS_EMBED_SWIFT_STANDARD_LIBRARIES = YES;
				CODE_SIGN_STYLE = Automatic;
				CURRENT_PROJECT_VERSION = 1;
				DEVELOPMENT_TEAM = 32Y6VPRZSW;
				GENERATE_INFOPLIST_FILE = YES;
				MARKETING_VERSION = 1.0;
				PRODUCT_BUNDLE_IDENTIFIER = Fjuteau.SimpleArchiUITests;
				PRODUCT_NAME = "$(TARGET_NAME)";
				SWIFT_EMIT_LOC_STRINGS = NO;
				SWIFT_VERSION = 5.0;
				TARGETED_DEVICE_FAMILY = "1,2";
				TEST_TARGET_NAME = SimpleArchi;
			};
			name = Debug;
		};
		B81C83522A0F833B000149D9 /* Release */ = {
			isa = XCBuildConfiguration;
			buildSettings = {
				ALWAYS_EMBED_SWIFT_STANDARD_LIBRARIES = YES;
				CODE_SIGN_STYLE = Automatic;
				CURRENT_PROJECT_VERSION = 1;
				DEVELOPMENT_TEAM = 32Y6VPRZSW;
				GENERATE_INFOPLIST_FILE = YES;
				MARKETING_VERSION = 1.0;
				PRODUCT_BUNDLE_IDENTIFIER = Fjuteau.SimpleArchiUITests;
				PRODUCT_NAME = "$(TARGET_NAME)";
				SWIFT_EMIT_LOC_STRINGS = NO;
				SWIFT_VERSION = 5.0;
				TARGETED_DEVICE_FAMILY = "1,2";
				TEST_TARGET_NAME = SimpleArchi;
			};
			name = Release;
		};
/* End XCBuildConfiguration section */

/* Begin XCConfigurationList section */
		B81C831B2A0F8339000149D9 /* Build configuration list for PBXProject "SimpleArchi" */ = {
			isa = XCConfigurationList;
			buildConfigurations = (
				B81C83482A0F833B000149D9 /* Debug */,
				B81C83492A0F833B000149D9 /* Release */,
			);
			defaultConfigurationIsVisible = 0;
			defaultConfigurationName = Release;
		};
		B81C834A2A0F833B000149D9 /* Build configuration list for PBXNativeTarget "SimpleArchi" */ = {
			isa = XCConfigurationList;
			buildConfigurations = (
				B81C834B2A0F833B000149D9 /* Debug */,
				B81C834C2A0F833B000149D9 /* Release */,
			);
			defaultConfigurationIsVisible = 0;
			defaultConfigurationName = Release;
		};
		B81C834D2A0F833B000149D9 /* Build configuration list for PBXNativeTarget "SimpleArchiTests" */ = {
			isa = XCConfigurationList;
			buildConfigurations = (
				B81C834E2A0F833B000149D9 /* Debug */,
				B81C834F2A0F833B000149D9 /* Release */,
			);
			defaultConfigurationIsVisible = 0;
			defaultConfigurationName = Release;
		};
		B81C83502A0F833B000149D9 /* Build configuration list for PBXNativeTarget "SimpleArchiUITests" */ = {
			isa = XCConfigurationList;
			buildConfigurations = (
				B81C83512A0F833B000149D9 /* Debug */,
				B81C83522A0F833B000149D9 /* Release */,
			);
			defaultConfigurationIsVisible = 0;
			defaultConfigurationName = Release;
		};
/* End XCConfigurationList section */
	};
	rootObject = B81C83182A0F8339000149D9 /* Project object */;
}
